// !$*UTF8*$!
{
	archiveVersion = 1;
	classes = {
	};
	objectVersion = 46;
	objects = {

/* Begin PBXBuildFile section */
		042B68371CD1005800B6174F /* main.m in Sources */ = {isa = PBXBuildFile; fileRef = 042B68361CD1005800B6174F /* main.m */; };
		042B683A1CD1005800B6174F /* AppDelegate.m in Sources */ = {isa = PBXBuildFile; fileRef = 042B68391CD1005800B6174F /* AppDelegate.m */; };
		042B683D1CD1005800B6174F /* ViewController.m in Sources */ = {isa = PBXBuildFile; fileRef = 042B683C1CD1005800B6174F /* ViewController.m */; };
		042B68401CD1005800B6174F /* Main.storyboard in Resources */ = {isa = PBXBuildFile; fileRef = 042B683E1CD1005800B6174F /* Main.storyboard */; };
		042B68431CD1005800B6174F /* TianJinZY.xcdatamodeld in Sources */ = {isa = PBXBuildFile; fileRef = 042B68411CD1005800B6174F /* TianJinZY.xcdatamodeld */; };
		042B68451CD1005800B6174F /* Assets.xcassets in Resources */ = {isa = PBXBuildFile; fileRef = 042B68441CD1005800B6174F /* Assets.xcassets */; };
		042B68481CD1005800B6174F /* LaunchScreen.storyboard in Resources */ = {isa = PBXBuildFile; fileRef = 042B68461CD1005800B6174F /* LaunchScreen.storyboard */; };
		042B68531CD1005800B6174F /* TianJinZYTests.m in Sources */ = {isa = PBXBuildFile; fileRef = 042B68521CD1005800B6174F /* TianJinZYTests.m */; };
		042B685E1CD1005800B6174F /* TianJinZYUITests.m in Sources */ = {isa = PBXBuildFile; fileRef = 042B685D1CD1005800B6174F /* TianJinZYUITests.m */; };
		0468DA571D00EA3D00DB7A2A /* UIviewHeader.m in Sources */ = {isa = PBXBuildFile; fileRef = 0468DA561D00EA3D00DB7A2A /* UIviewHeader.m */; };
		047953441D0AC39100DAE0B9 /* DataHandle.m in Sources */ = {isa = PBXBuildFile; fileRef = 047953431D0AC39100DAE0B9 /* DataHandle.m */; };
		0489C9481CFD7CAC0007B7D0 /* Qkview.m in Sources */ = {isa = PBXBuildFile; fileRef = 0489C9471CFD7CAC0007B7D0 /* Qkview.m */; };
		0489C94C1CFD8C7F0007B7D0 /* TianJ.m in Sources */ = {isa = PBXBuildFile; fileRef = 0489C94B1CFD8C7F0007B7D0 /* TianJ.m */; };
		0489C94F1CFD8C980007B7D0 /* TianJViewController.m in Sources */ = {isa = PBXBuildFile; fileRef = 0489C94E1CFD8C980007B7D0 /* TianJViewController.m */; };
		048F61791CD2F21200936731 /* Property List.plist in Resources */ = {isa = PBXBuildFile; fileRef = 048F61781CD2F21200936731 /* Property List.plist */; };
		0496A5F01CFAF7AB00BB343D /* 1.jpg in Resources */ = {isa = PBXBuildFile; fileRef = 0496A5EF1CFAF7AB00BB343D /* 1.jpg */; };
		0496A5F21CFAF7AB00BB343D /* 2.jpg in Resources */ = {isa = PBXBuildFile; fileRef = 0496A5F11CFAF7AB00BB343D /* 2.jpg */; };
		0496A5F41CFAF7AB00BB343D /* 3.jpg in Resources */ = {isa = PBXBuildFile; fileRef = 0496A5F31CFAF7AB00BB343D /* 3.jpg */; };
		0496A5F61CFAF7AB00BB343D /* 4.jpg in Resources */ = {isa = PBXBuildFile; fileRef = 0496A5F51CFAF7AB00BB343D /* 4.jpg */; };
		0496A5F81CFAF7AB00BB343D /* 5.jpg in Resources */ = {isa = PBXBuildFile; fileRef = 0496A5F71CFAF7AB00BB343D /* 5.jpg */; };
		0496A5FA1CFAF7AB00BB343D /* 6.jpg in Resources */ = {isa = PBXBuildFile; fileRef = 0496A5F91CFAF7AB00BB343D /* 6.jpg */; };
		0496A5FC1CFAF7AB00BB343D /* 7.jpg in Resources */ = {isa = PBXBuildFile; fileRef = 0496A5FB1CFAF7AB00BB343D /* 7.jpg */; };
		0496A5FE1CFAF7AB00BB343D /* 8.jpg in Resources */ = {isa = PBXBuildFile; fileRef = 0496A5FD1CFAF7AB00BB343D /* 8.jpg */; };
		0496A6001CFAF7AB00BB343D /* 9.jpg in Resources */ = {isa = PBXBuildFile; fileRef = 0496A5FF1CFAF7AB00BB343D /* 9.jpg */; };
		0496A6021CFAF7AB00BB343D /* 10.jpg in Resources */ = {isa = PBXBuildFile; fileRef = 0496A6011CFAF7AB00BB343D /* 10.jpg */; };
		0496A6051CFAF7AB00BB343D /* QkModel.m in Sources */ = {isa = PBXBuildFile; fileRef = 0496A6041CFAF7AB00BB343D /* QkModel.m */; };
		0496F5B71CFC6F9E0024367C /* detail.m in Sources */ = {isa = PBXBuildFile; fileRef = 0496F5B61CFC6F9E0024367C /* detail.m */; };
		0496F5BA1CFC78370024367C /* UIviewTitle.m in Sources */ = {isa = PBXBuildFile; fileRef = 0496F5B91CFC78370024367C /* UIviewTitle.m */; };
		0496F5BD1CFC7D680024367C /* ReginVIew.m in Sources */ = {isa = PBXBuildFile; fileRef = 0496F5BC1CFC7D680024367C /* ReginVIew.m */; };
		04E759171D011E9D004F60DB /* UIViewPVPrice.m in Sources */ = {isa = PBXBuildFile; fileRef = 04E759161D011E9D004F60DB /* UIViewPVPrice.m */; };
		04F2091B1CDA433500606CD0 /* QkTableViewCell.m in Sources */ = {isa = PBXBuildFile; fileRef = 04F2091A1CDA433500606CD0 /* QkTableViewCell.m */; };
		04F209201CDA589800606CD0 /* detailViewController.m in Sources */ = {isa = PBXBuildFile; fileRef = 04F2091F1CDA589800606CD0 /* detailViewController.m */; };
		04FA8B451CD8D29F00567E4C /* ReginViewController.m in Sources */ = {isa = PBXBuildFile; fileRef = 0460F4841CD33883004EEFC6 /* ReginViewController.m */; };
		04FA8B531CD8D8A500567E4C /* qkViewController.m in Sources */ = {isa = PBXBuildFile; fileRef = 04FA8B521CD8D8A500567E4C /* qkViewController.m */; };
		04FA8B541CD8D8A500567E4C /* qkViewController.m in Sources */ = {isa = PBXBuildFile; fileRef = 04FA8B521CD8D8A500567E4C /* qkViewController.m */; };
		04FA8B551CD8D8A500567E4C /* qkViewController.m in Sources */ = {isa = PBXBuildFile; fileRef = 04FA8B521CD8D8A500567E4C /* qkViewController.m */; };
		332117BD0A7BABA8B833701C /* libPods.a in Frameworks */ = {isa = PBXBuildFile; fileRef = F60032D2730B01066EE4E1E1 /* libPods.a */; };
/* End PBXBuildFile section */

/* Begin PBXContainerItemProxy section */
		042B684F1CD1005800B6174F /* PBXContainerItemProxy */ = {
			isa = PBXContainerItemProxy;
			containerPortal = 042B682A1CD1005800B6174F /* Project object */;
			proxyType = 1;
			remoteGlobalIDString = 042B68311CD1005800B6174F;
			remoteInfo = TianJinZY;
		};
		042B685A1CD1005800B6174F /* PBXContainerItemProxy */ = {
			isa = PBXContainerItemProxy;
			containerPortal = 042B682A1CD1005800B6174F /* Project object */;
			proxyType = 1;
			remoteGlobalIDString = 042B68311CD1005800B6174F;
			remoteInfo = TianJinZY;
		};
/* End PBXContainerItemProxy section */

/* Begin PBXFileReference section */
		042B68321CD1005800B6174F /* TianJinZY.app */ = {isa = PBXFileReference; explicitFileType = wrapper.application; includeInIndex = 0; path = TianJinZY.app; sourceTree = BUILT_PRODUCTS_DIR; };
		042B68361CD1005800B6174F /* main.m */ = {isa = PBXFileReference; lastKnownFileType = sourcecode.c.objc; path = main.m; sourceTree = "<group>"; };
		042B68381CD1005800B6174F /* AppDelegate.h */ = {isa = PBXFileReference; lastKnownFileType = sourcecode.c.h; path = AppDelegate.h; sourceTree = "<group>"; };
		042B68391CD1005800B6174F /* AppDelegate.m */ = {isa = PBXFileReference; lastKnownFileType = sourcecode.c.objc; path = AppDelegate.m; sourceTree = "<group>"; };
		042B683B1CD1005800B6174F /* ViewController.h */ = {isa = PBXFileReference; lastKnownFileType = sourcecode.c.h; path = ViewController.h; sourceTree = "<group>"; };
		042B683C1CD1005800B6174F /* ViewController.m */ = {isa = PBXFileReference; lastKnownFileType = sourcecode.c.objc; path = ViewController.m; sourceTree = "<group>"; };
		042B683F1CD1005800B6174F /* Base */ = {isa = PBXFileReference; lastKnownFileType = file.storyboard; name = Base; path = Base.lproj/Main.storyboard; sourceTree = "<group>"; };
		042B68421CD1005800B6174F /* TianJinZY.xcdatamodel */ = {isa = PBXFileReference; lastKnownFileType = wrapper.xcdatamodel; path = TianJinZY.xcdatamodel; sourceTree = "<group>"; };
		042B68441CD1005800B6174F /* Assets.xcassets */ = {isa = PBXFileReference; lastKnownFileType = folder.assetcatalog; path = Assets.xcassets; sourceTree = "<group>"; };
		042B68471CD1005800B6174F /* Base */ = {isa = PBXFileReference; lastKnownFileType = file.storyboard; name = Base; path = Base.lproj/LaunchScreen.storyboard; sourceTree = "<group>"; };
		042B68491CD1005800B6174F /* Info.plist */ = {isa = PBXFileReference; lastKnownFileType = text.plist.xml; path = Info.plist; sourceTree = "<group>"; };
		042B684E1CD1005800B6174F /* TianJinZYTests.xctest */ = {isa = PBXFileReference; explicitFileType = wrapper.cfbundle; includeInIndex = 0; path = TianJinZYTests.xctest; sourceTree = BUILT_PRODUCTS_DIR; };
		042B68521CD1005800B6174F /* TianJinZYTests.m */ = {isa = PBXFileReference; lastKnownFileType = sourcecode.c.objc; path = TianJinZYTests.m; sourceTree = "<group>"; };
		042B68541CD1005800B6174F /* Info.plist */ = {isa = PBXFileReference; lastKnownFileType = text.plist.xml; path = Info.plist; sourceTree = "<group>"; };
		042B68591CD1005800B6174F /* TianJinZYUITests.xctest */ = {isa = PBXFileReference; explicitFileType = wrapper.cfbundle; includeInIndex = 0; path = TianJinZYUITests.xctest; sourceTree = BUILT_PRODUCTS_DIR; };
		042B685D1CD1005800B6174F /* TianJinZYUITests.m */ = {isa = PBXFileReference; lastKnownFileType = sourcecode.c.objc; path = TianJinZYUITests.m; sourceTree = "<group>"; };
		042B685F1CD1005800B6174F /* Info.plist */ = {isa = PBXFileReference; lastKnownFileType = text.plist.xml; path = Info.plist; sourceTree = "<group>"; };
		0460F4831CD33883004EEFC6 /* ReginViewController.h */ = {isa = PBXFileReference; fileEncoding = 4; lastKnownFileType = sourcecode.c.h; path = ReginViewController.h; sourceTree = "<group>"; };
		0460F4841CD33883004EEFC6 /* ReginViewController.m */ = {isa = PBXFileReference; fileEncoding = 4; lastKnownFileType = sourcecode.c.objc; path = ReginViewController.m; sourceTree = "<group>"; };
		0468DA551D00EA3D00DB7A2A /* UIviewHeader.h */ = {isa = PBXFileReference; fileEncoding = 4; lastKnownFileType = sourcecode.c.h; path = UIviewHeader.h; sourceTree = "<group>"; };
		0468DA561D00EA3D00DB7A2A /* UIviewHeader.m */ = {isa = PBXFileReference; fileEncoding = 4; lastKnownFileType = sourcecode.c.objc; path = UIviewHeader.m; sourceTree = "<group>"; };
		047953421D0AC39100DAE0B9 /* DataHandle.h */ = {isa = PBXFileReference; fileEncoding = 4; lastKnownFileType = sourcecode.c.h; path = DataHandle.h; sourceTree = "<group>"; };
		047953431D0AC39100DAE0B9 /* DataHandle.m */ = {isa = PBXFileReference; fileEncoding = 4; lastKnownFileType = sourcecode.c.objc; path = DataHandle.m; sourceTree = "<group>"; };
		0489C9461CFD7CAC0007B7D0 /* Qkview.h */ = {isa = PBXFileReference; fileEncoding = 4; lastKnownFileType = sourcecode.c.h; path = Qkview.h; sourceTree = "<group>"; };
		0489C9471CFD7CAC0007B7D0 /* Qkview.m */ = {isa = PBXFileReference; fileEncoding = 4; lastKnownFileType = sourcecode.c.objc; path = Qkview.m; sourceTree = "<group>"; };
		0489C94A1CFD8C7F0007B7D0 /* TianJ.h */ = {isa = PBXFileReference; fileEncoding = 4; lastKnownFileType = sourcecode.c.h; path = TianJ.h; sourceTree = "<group>"; };
		0489C94B1CFD8C7F0007B7D0 /* TianJ.m */ = {isa = PBXFileReference; fileEncoding = 4; lastKnownFileType = sourcecode.c.objc; path = TianJ.m; sourceTree = "<group>"; };
		0489C94D1CFD8C980007B7D0 /* TianJViewController.h */ = {isa = PBXFileReference; fileEncoding = 4; lastKnownFileType = sourcecode.c.h; path = TianJViewController.h; sourceTree = "<group>"; };
		0489C94E1CFD8C980007B7D0 /* TianJViewController.m */ = {isa = PBXFileReference; fileEncoding = 4; lastKnownFileType = sourcecode.c.objc; path = TianJViewController.m; sourceTree = "<group>"; };
		048F61781CD2F21200936731 /* Property List.plist */ = {isa = PBXFileReference; fileEncoding = 4; lastKnownFileType = text.plist.xml; name = "Property List.plist"; path = "../../../Property List.plist"; sourceTree = "<group>"; };
		0496A5EF1CFAF7AB00BB343D /* 1.jpg */ = {isa = PBXFileReference; lastKnownFileType = image.jpeg; path = 1.jpg; sourceTree = "<group>"; };
		0496A5F11CFAF7AB00BB343D /* 2.jpg */ = {isa = PBXFileReference; lastKnownFileType = image.jpeg; path = 2.jpg; sourceTree = "<group>"; };
		0496A5F31CFAF7AB00BB343D /* 3.jpg */ = {isa = PBXFileReference; lastKnownFileType = image.jpeg; path = 3.jpg; sourceTree = "<group>"; };
		0496A5F51CFAF7AB00BB343D /* 4.jpg */ = {isa = PBXFileReference; lastKnownFileType = image.jpeg; path = 4.jpg; sourceTree = "<group>"; };
		0496A5F71CFAF7AB00BB343D /* 5.jpg */ = {isa = PBXFileReference; lastKnownFileType = image.jpeg; path = 5.jpg; sourceTree = "<group>"; };
		0496A5F91CFAF7AB00BB343D /* 6.jpg */ = {isa = PBXFileReference; lastKnownFileType = image.jpeg; path = 6.jpg; sourceTree = "<group>"; };
		0496A5FB1CFAF7AB00BB343D /* 7.jpg */ = {isa = PBXFileReference; lastKnownFileType = image.jpeg; path = 7.jpg; sourceTree = "<group>"; };
		0496A5FD1CFAF7AB00BB343D /* 8.jpg */ = {isa = PBXFileReference; lastKnownFileType = image.jpeg; path = 8.jpg; sourceTree = "<group>"; };
		0496A5FF1CFAF7AB00BB343D /* 9.jpg */ = {isa = PBXFileReference; lastKnownFileType = image.jpeg; path = 9.jpg; sourceTree = "<group>"; };
		0496A6011CFAF7AB00BB343D /* 10.jpg */ = {isa = PBXFileReference; lastKnownFileType = image.jpeg; path = 10.jpg; sourceTree = "<group>"; };
		0496A6031CFAF7AB00BB343D /* QkModel.h */ = {isa = PBXFileReference; fileEncoding = 4; lastKnownFileType = sourcecode.c.h; path = QkModel.h; sourceTree = "<group>"; };
		0496A6041CFAF7AB00BB343D /* QkModel.m */ = {isa = PBXFileReference; fileEncoding = 4; lastKnownFileType = sourcecode.c.objc; path = QkModel.m; sourceTree = "<group>"; };
		0496F5B51CFC6F9E0024367C /* detail.h */ = {isa = PBXFileReference; fileEncoding = 4; lastKnownFileType = sourcecode.c.h; path = detail.h; sourceTree = "<group>"; };
		0496F5B61CFC6F9E0024367C /* detail.m */ = {isa = PBXFileReference; fileEncoding = 4; lastKnownFileType = sourcecode.c.objc; path = detail.m; sourceTree = "<group>"; };
		0496F5B81CFC78370024367C /* UIviewTitle.h */ = {isa = PBXFileReference; fileEncoding = 4; lastKnownFileType = sourcecode.c.h; path = UIviewTitle.h; sourceTree = "<group>"; };
		0496F5B91CFC78370024367C /* UIviewTitle.m */ = {isa = PBXFileReference; fileEncoding = 4; lastKnownFileType = sourcecode.c.objc; path = UIviewTitle.m; sourceTree = "<group>"; };
		0496F5BB1CFC7D680024367C /* ReginVIew.h */ = {isa = PBXFileReference; fileEncoding = 4; lastKnownFileType = sourcecode.c.h; path = ReginVIew.h; sourceTree = "<group>"; };
		0496F5BC1CFC7D680024367C /* ReginVIew.m */ = {isa = PBXFileReference; fileEncoding = 4; lastKnownFileType = sourcecode.c.objc; path = ReginVIew.m; sourceTree = "<group>"; };
		04E759151D011E9D004F60DB /* UIViewPVPrice.h */ = {isa = PBXFileReference; fileEncoding = 4; lastKnownFileType = sourcecode.c.h; path = UIViewPVPrice.h; sourceTree = "<group>"; };
		04E759161D011E9D004F60DB /* UIViewPVPrice.m */ = {isa = PBXFileReference; fileEncoding = 4; lastKnownFileType = sourcecode.c.objc; path = UIViewPVPrice.m; sourceTree = "<group>"; };
		04F209191CDA433500606CD0 /* QkTableViewCell.h */ = {isa = PBXFileReference; fileEncoding = 4; lastKnownFileType = sourcecode.c.h; path = QkTableViewCell.h; sourceTree = "<group>"; };
		04F2091A1CDA433500606CD0 /* QkTableViewCell.m */ = {isa = PBXFileReference; fileEncoding = 4; lastKnownFileType = sourcecode.c.objc; path = QkTableViewCell.m; sourceTree = "<group>"; };
		04F2091E1CDA589800606CD0 /* detailViewController.h */ = {isa = PBXFileReference; fileEncoding = 4; lastKnownFileType = sourcecode.c.h; path = detailViewController.h; sourceTree = "<group>"; };
		04F2091F1CDA589800606CD0 /* detailViewController.m */ = {isa = PBXFileReference; fileEncoding = 4; lastKnownFileType = sourcecode.c.objc; path = detailViewController.m; sourceTree = "<group>"; };
		04FA8B511CD8D8A500567E4C /* qkViewController.h */ = {isa = PBXFileReference; fileEncoding = 4; lastKnownFileType = sourcecode.c.h; path = qkViewController.h; sourceTree = "<group>"; };
		04FA8B521CD8D8A500567E4C /* qkViewController.m */ = {isa = PBXFileReference; fileEncoding = 4; lastKnownFileType = sourcecode.c.objc; path = qkViewController.m; sourceTree = "<group>"; };
		87DE84F7F7FE9351B194C928 /* Pods.release.xcconfig */ = {isa = PBXFileReference; includeInIndex = 1; lastKnownFileType = text.xcconfig; name = Pods.release.xcconfig; path = "Pods/Target Support Files/Pods/Pods.release.xcconfig"; sourceTree = "<group>"; };
		BC37EF789F08E121566E2412 /* Pods.debug.xcconfig */ = {isa = PBXFileReference; includeInIndex = 1; lastKnownFileType = text.xcconfig; name = Pods.debug.xcconfig; path = "Pods/Target Support Files/Pods/Pods.debug.xcconfig"; sourceTree = "<group>"; };
		F60032D2730B01066EE4E1E1 /* libPods.a */ = {isa = PBXFileReference; explicitFileType = archive.ar; includeInIndex = 0; path = libPods.a; sourceTree = BUILT_PRODUCTS_DIR; };
/* End PBXFileReference section */

/* Begin PBXFrameworksBuildPhase section */
		042B682F1CD1005800B6174F /* Frameworks */ = {
			isa = PBXFrameworksBuildPhase;
			buildActionMask = 2147483647;
			files = (
				332117BD0A7BABA8B833701C /* libPods.a in Frameworks */,
			);
			runOnlyForDeploymentPostprocessing = 0;
		};
		042B684B1CD1005800B6174F /* Frameworks */ = {
			isa = PBXFrameworksBuildPhase;
			buildActionMask = 2147483647;
			files = (
			);
			runOnlyForDeploymentPostprocessing = 0;
		};
		042B68561CD1005800B6174F /* Frameworks */ = {
			isa = PBXFrameworksBuildPhase;
			buildActionMask = 2147483647;
			files = (
			);
			runOnlyForDeploymentPostprocessing = 0;
		};
/* End PBXFrameworksBuildPhase section */

/* Begin PBXGroup section */
		042B68291CD1005800B6174F = {
			isa = PBXGroup;
			children = (
				042B68341CD1005800B6174F /* TianJinZY */,
				042B68511CD1005800B6174F /* TianJinZYTests */,
				042B685C1CD1005800B6174F /* TianJinZYUITests */,
				042B68331CD1005800B6174F /* Products */,
				7D8537DB4D834FBDF8716320 /* Pods */,
				97224E29BD07405B9A82D185 /* Frameworks */,
			);
			sourceTree = "<group>";
		};
		042B68331CD1005800B6174F /* Products */ = {
			isa = PBXGroup;
			children = (
				042B68321CD1005800B6174F /* TianJinZY.app */,
				042B684E1CD1005800B6174F /* TianJinZYTests.xctest */,
				042B68591CD1005800B6174F /* TianJinZYUITests.xctest */,
			);
			name = Products;
			sourceTree = "<group>";
		};
		042B68341CD1005800B6174F /* TianJinZY */ = {
			isa = PBXGroup;
			children = (
				042B68381CD1005800B6174F /* AppDelegate.h */,
				042B68391CD1005800B6174F /* AppDelegate.m */,
				042B683B1CD1005800B6174F /* ViewController.h */,
				042B683C1CD1005800B6174F /* ViewController.m */,
				048DEC5F1CE5950B00BD5863 /* 工具 */,
				0496F5B41CFC6CCA0024367C /* view */,
				04F2091C1CDA538900606CD0 /* 添加数据 */,
				04F209181CDA42DC00606CD0 /* CELL */,
				042B683E1CD1005800B6174F /* Main.storyboard */,
				042B68441CD1005800B6174F /* Assets.xcassets */,
				042B68461CD1005800B6174F /* LaunchScreen.storyboard */,
				042B68491CD1005800B6174F /* Info.plist */,
				042B68411CD1005800B6174F /* TianJinZY.xcdatamodeld */,
				042B68351CD1005800B6174F /* Supporting Files */,
			);
			path = TianJinZY;
			sourceTree = "<group>";
		};
		042B68351CD1005800B6174F /* Supporting Files */ = {
			isa = PBXGroup;
			children = (
				042B68361CD1005800B6174F /* main.m */,
			);
			name = "Supporting Files";
			sourceTree = "<group>";
		};
		042B68511CD1005800B6174F /* TianJinZYTests */ = {
			isa = PBXGroup;
			children = (
				042B68521CD1005800B6174F /* TianJinZYTests.m */,
				042B68541CD1005800B6174F /* Info.plist */,
			);
			path = TianJinZYTests;
			sourceTree = "<group>";
		};
		042B685C1CD1005800B6174F /* TianJinZYUITests */ = {
			isa = PBXGroup;
			children = (
				042B685D1CD1005800B6174F /* TianJinZYUITests.m */,
				042B685F1CD1005800B6174F /* Info.plist */,
			);
			path = TianJinZYUITests;
			sourceTree = "<group>";
		};
		0460F4821CD3383C004EEFC6 /* regin */ = {
			isa = PBXGroup;
			children = (
				0496F5BB1CFC7D680024367C /* ReginVIew.h */,
				0496F5BC1CFC7D680024367C /* ReginVIew.m */,
				0460F4831CD33883004EEFC6 /* ReginViewController.h */,
				0460F4841CD33883004EEFC6 /* ReginViewController.m */,
			);
			name = regin;
			path = ../../..;
			sourceTree = "<group>";
		};
		0489C9491CFD8C450007B7D0 /* 添加页面 */ = {
			isa = PBXGroup;
			children = (
				0489C94A1CFD8C7F0007B7D0 /* TianJ.h */,
				0489C94B1CFD8C7F0007B7D0 /* TianJ.m */,
				0489C94D1CFD8C980007B7D0 /* TianJViewController.h */,
				0489C94E1CFD8C980007B7D0 /* TianJViewController.m */,
			);
			name = "添加页面";
			path = "../../../../详情/添加页面";
			sourceTree = "<group>";
		};
		048DEC5F1CE5950B00BD5863 /* 工具 */ = {
			isa = PBXGroup;
			children = (
				048DEC611CE595A200BD5863 /* 封装的类 */,
				048DEC601CE5956E00BD5863 /* 图片 */,
			);
			name = "工具";
			path = "regin/工具";
			sourceTree = "<group>";
		};
		048DEC601CE5956E00BD5863 /* 图片 */ = {
			isa = PBXGroup;
			children = (
				048F61781CD2F21200936731 /* Property List.plist */,
				0496A5EF1CFAF7AB00BB343D /* 1.jpg */,
				0496A5F11CFAF7AB00BB343D /* 2.jpg */,
				0496A5F31CFAF7AB00BB343D /* 3.jpg */,
				0496A5F51CFAF7AB00BB343D /* 4.jpg */,
				0496A5F71CFAF7AB00BB343D /* 5.jpg */,
				0496A5F91CFAF7AB00BB343D /* 6.jpg */,
				0496A5FB1CFAF7AB00BB343D /* 7.jpg */,
				0496A5FD1CFAF7AB00BB343D /* 8.jpg */,
				0496A5FF1CFAF7AB00BB343D /* 9.jpg */,
				0496A6011CFAF7AB00BB343D /* 10.jpg */,
			);
			path = "图片";
			sourceTree = "<group>";
		};
		048DEC611CE595A200BD5863 /* 封装的类 */ = {
			isa = PBXGroup;
			children = (
				0496F5B81CFC78370024367C /* UIviewTitle.h */,
				0496F5B91CFC78370024367C /* UIviewTitle.m */,
				0468DA551D00EA3D00DB7A2A /* UIviewHeader.h */,
				0468DA561D00EA3D00DB7A2A /* UIviewHeader.m */,
				04E759151D011E9D004F60DB /* UIViewPVPrice.h */,
				04E759161D011E9D004F60DB /* UIViewPVPrice.m */,
				047953421D0AC39100DAE0B9 /* DataHandle.h */,
				047953431D0AC39100DAE0B9 /* DataHandle.m */,
			);
			path = "封装的类";
			sourceTree = "<group>";
		};
		0496F5B41CFC6CCA0024367C /* view */ = {
			isa = PBXGroup;
			children = (
				0460F4821CD3383C004EEFC6 /* regin */,
				04FA8B4D1CD8D7C000567E4C /* 首页 */,
				04F2091D1CDA583700606CD0 /* 详情 */,
				0489C9491CFD8C450007B7D0 /* 添加页面 */,
			);
			name = view;
			path = "regin/工具/图片/view";
			sourceTree = "<group>";
		};
		04F209181CDA42DC00606CD0 /* CELL */ = {
			isa = PBXGroup;
			children = (
				04F209191CDA433500606CD0 /* QkTableViewCell.h */,
				04F2091A1CDA433500606CD0 /* QkTableViewCell.m */,
			);
			path = CELL;
			sourceTree = "<group>";
		};
		04F2091C1CDA538900606CD0 /* 添加数据 */ = {
			isa = PBXGroup;
			children = (
				0496A6031CFAF7AB00BB343D /* QkModel.h */,
				0496A6041CFAF7AB00BB343D /* QkModel.m */,
			);
			name = "添加数据";
			sourceTree = "<group>";
		};
		04F2091D1CDA583700606CD0 /* 详情 */ = {
			isa = PBXGroup;
			children = (
				0496F5B51CFC6F9E0024367C /* detail.h */,
				0496F5B61CFC6F9E0024367C /* detail.m */,
				04F2091E1CDA589800606CD0 /* detailViewController.h */,
				04F2091F1CDA589800606CD0 /* detailViewController.m */,
			);
			name = "详情";
			path = "../../../../详情";
			sourceTree = "<group>";
		};
		04FA8B4D1CD8D7C000567E4C /* 首页 */ = {
			isa = PBXGroup;
			children = (
				0489C9461CFD7CAC0007B7D0 /* Qkview.h */,
				0489C9471CFD7CAC0007B7D0 /* Qkview.m */,
				04FA8B511CD8D8A500567E4C /* qkViewController.h */,
				04FA8B521CD8D8A500567E4C /* qkViewController.m */,
			);
			name = "首页";
			path = "../../../../首页";
			sourceTree = "<group>";
		};
		7D8537DB4D834FBDF8716320 /* Pods */ = {
			isa = PBXGroup;
			children = (
				BC37EF789F08E121566E2412 /* Pods.debug.xcconfig */,
				87DE84F7F7FE9351B194C928 /* Pods.release.xcconfig */,
			);
			name = Pods;
			sourceTree = "<group>";
		};
		97224E29BD07405B9A82D185 /* Frameworks */ = {
			isa = PBXGroup;
			children = (
				F60032D2730B01066EE4E1E1 /* libPods.a */,
			);
			name = Frameworks;
			sourceTree = "<group>";
		};
/* End PBXGroup section */

/* Begin PBXNativeTarget section */
		042B68311CD1005800B6174F /* TianJinZY */ = {
			isa = PBXNativeTarget;
			buildConfigurationList = 042B68621CD1005800B6174F /* Build configuration list for PBXNativeTarget "TianJinZY" */;
			buildPhases = (
				CE5387D7345148DD9062B76A /* Check Pods Manifest.lock */,
				042B682E1CD1005800B6174F /* Sources */,
				042B682F1CD1005800B6174F /* Frameworks */,
				042B68301CD1005800B6174F /* Resources */,
				8746A0A76876688DB45675E0 /* Embed Pods Frameworks */,
				4DB488B2AB0BAD59C568EA20 /* Copy Pods Resources */,
			);
			buildRules = (
			);
			dependencies = (
			);
			name = TianJinZY;
			productName = TianJinZY;
			productReference = 042B68321CD1005800B6174F /* TianJinZY.app */;
			productType = "com.apple.product-type.application";
		};
		042B684D1CD1005800B6174F /* TianJinZYTests */ = {
			isa = PBXNativeTarget;
			buildConfigurationList = 042B68651CD1005800B6174F /* Build configuration list for PBXNativeTarget "TianJinZYTests" */;
			buildPhases = (
				042B684A1CD1005800B6174F /* Sources */,
				042B684B1CD1005800B6174F /* Frameworks */,
				042B684C1CD1005800B6174F /* Resources */,
			);
			buildRules = (
			);
			dependencies = (
				042B68501CD1005800B6174F /* PBXTargetDependency */,
			);
			name = TianJinZYTests;
			productName = TianJinZYTests;
			productReference = 042B684E1CD1005800B6174F /* TianJinZYTests.xctest */;
			productType = "com.apple.product-type.bundle.unit-test";
		};
		042B68581CD1005800B6174F /* TianJinZYUITests */ = {
			isa = PBXNativeTarget;
			buildConfigurationList = 042B68681CD1005800B6174F /* Build configuration list for PBXNativeTarget "TianJinZYUITests" */;
			buildPhases = (
				042B68551CD1005800B6174F /* Sources */,
				042B68561CD1005800B6174F /* Frameworks */,
				042B68571CD1005800B6174F /* Resources */,
			);
			buildRules = (
			);
			dependencies = (
				042B685B1CD1005800B6174F /* PBXTargetDependency */,
			);
			name = TianJinZYUITests;
			productName = TianJinZYUITests;
			productReference = 042B68591CD1005800B6174F /* TianJinZYUITests.xctest */;
			productType = "com.apple.product-type.bundle.ui-testing";
		};
/* End PBXNativeTarget section */

/* Begin PBXProject section */
		042B682A1CD1005800B6174F /* Project object */ = {
			isa = PBXProject;
			attributes = {
				LastUpgradeCheck = 0720;
				ORGANIZATIONNAME = mac;
				TargetAttributes = {
					042B68311CD1005800B6174F = {
						CreatedOnToolsVersion = 7.2;
					};
					042B684D1CD1005800B6174F = {
						CreatedOnToolsVersion = 7.2;
						TestTargetID = 042B68311CD1005800B6174F;
					};
					042B68581CD1005800B6174F = {
						CreatedOnToolsVersion = 7.2;
						TestTargetID = 042B68311CD1005800B6174F;
					};
				};
			};
			buildConfigurationList = 042B682D1CD1005800B6174F /* Build configuration list for PBXProject "TianJinZY" */;
			compatibilityVersion = "Xcode 3.2";
			developmentRegion = English;
			hasScannedForEncodings = 0;
			knownRegions = (
				en,
				Base,
			);
			mainGroup = 042B68291CD1005800B6174F;
			productRefGroup = 042B68331CD1005800B6174F /* Products */;
			projectDirPath = "";
			projectRoot = "";
			targets = (
				042B68311CD1005800B6174F /* TianJinZY */,
				042B684D1CD1005800B6174F /* TianJinZYTests */,
				042B68581CD1005800B6174F /* TianJinZYUITests */,
			);
		};
/* End PBXProject section */

/* Begin PBXResourcesBuildPhase section */
		042B68301CD1005800B6174F /* Resources */ = {
			isa = PBXResourcesBuildPhase;
			buildActionMask = 2147483647;
			files = (
				0496A5FA1CFAF7AB00BB343D /* 6.jpg in Resources */,
				0496A5F21CFAF7AB00BB343D /* 2.jpg in Resources */,
				0496A5FE1CFAF7AB00BB343D /* 8.jpg in Resources */,
				042B68481CD1005800B6174F /* LaunchScreen.storyboard in Resources */,
				0496A6021CFAF7AB00BB343D /* 10.jpg in Resources */,
				042B68451CD1005800B6174F /* Assets.xcassets in Resources */,
				0496A5F61CFAF7AB00BB343D /* 4.jpg in Resources */,
				048F61791CD2F21200936731 /* Property List.plist in Resources */,
				0496A5F01CFAF7AB00BB343D /* 1.jpg in Resources */,
				0496A5F41CFAF7AB00BB343D /* 3.jpg in Resources */,
				042B68401CD1005800B6174F /* Main.storyboard in Resources */,
				0496A5F81CFAF7AB00BB343D /* 5.jpg in Resources */,
				0496A6001CFAF7AB00BB343D /* 9.jpg in Resources */,
				0496A5FC1CFAF7AB00BB343D /* 7.jpg in Resources */,
			);
			runOnlyForDeploymentPostprocessing = 0;
		};
		042B684C1CD1005800B6174F /* Resources */ = {
			isa = PBXResourcesBuildPhase;
			buildActionMask = 2147483647;
			files = (
			);
			runOnlyForDeploymentPostprocessing = 0;
		};
		042B68571CD1005800B6174F /* Resources */ = {
			isa = PBXResourcesBuildPhase;
			buildActionMask = 2147483647;
			files = (
			);
			runOnlyForDeploymentPostprocessing = 0;
		};
/* End PBXResourcesBuildPhase section */

/* Begin PBXShellScriptBuildPhase section */
		4DB488B2AB0BAD59C568EA20 /* Copy Pods Resources */ = {
			isa = PBXShellScriptBuildPhase;
			buildActionMask = 2147483647;
			files = (
			);
			inputPaths = (
			);
			name = "Copy Pods Resources";
			outputPaths = (
			);
			runOnlyForDeploymentPostprocessing = 0;
			shellPath = /bin/sh;
			shellScript = "\"${SRCROOT}/Pods/Target Support Files/Pods/Pods-resources.sh\"\n";
			showEnvVarsInLog = 0;
		};
		8746A0A76876688DB45675E0 /* Embed Pods Frameworks */ = {
			isa = PBXShellScriptBuildPhase;
			buildActionMask = 2147483647;
			files = (
			);
			inputPaths = (
			);
			name = "Embed Pods Frameworks";
			outputPaths = (
			);
			runOnlyForDeploymentPostprocessing = 0;
			shellPath = /bin/sh;
			shellScript = "\"${SRCROOT}/Pods/Target Support Files/Pods/Pods-frameworks.sh\"\n";
			showEnvVarsInLog = 0;
		};
		CE5387D7345148DD9062B76A /* Check Pods Manifest.lock */ = {
			isa = PBXShellScriptBuildPhase;
			buildActionMask = 2147483647;
			files = (
			);
			inputPaths = (
			);
			name = "Check Pods Manifest.lock";
			outputPaths = (
			);
			runOnlyForDeploymentPostprocessing = 0;
			shellPath = /bin/sh;
			shellScript = "diff \"${PODS_ROOT}/../Podfile.lock\" \"${PODS_ROOT}/Manifest.lock\" > /dev/null\nif [[ $? != 0 ]] ; then\n    cat << EOM\nerror: The sandbox is not in sync with the Podfile.lock. Run 'pod install' or update your CocoaPods installation.\nEOM\n    exit 1\nfi\n";
			showEnvVarsInLog = 0;
		};
/* End PBXShellScriptBuildPhase section */

/* Begin PBXSourcesBuildPhase section */
		042B682E1CD1005800B6174F /* Sources */ = {
			isa = PBXSourcesBuildPhase;
			buildActionMask = 2147483647;
			files = (
				042B683D1CD1005800B6174F /* ViewController.m in Sources */,
				042B683A1CD1005800B6174F /* AppDelegate.m in Sources */,
				04FA8B531CD8D8A500567E4C /* qkViewController.m in Sources */,
				04F209201CDA589800606CD0 /* detailViewController.m in Sources */,
				0496F5BA1CFC78370024367C /* UIviewTitle.m in Sources */,
				042B68431CD1005800B6174F /* TianJinZY.xcdatamodeld in Sources */,
				04F2091B1CDA433500606CD0 /* QkTableViewCell.m in Sources */,
				04E759171D011E9D004F60DB /* UIViewPVPrice.m in Sources */,
				04FA8B451CD8D29F00567E4C /* ReginViewController.m in Sources */,
				0489C94C1CFD8C7F0007B7D0 /* TianJ.m in Sources */,
				0489C9481CFD7CAC0007B7D0 /* Qkview.m in Sources */,
				047953441D0AC39100DAE0B9 /* DataHandle.m in Sources */,
				0496F5B71CFC6F9E0024367C /* detail.m in Sources */,
				0468DA571D00EA3D00DB7A2A /* UIviewHeader.m in Sources */,
				042B68371CD1005800B6174F /* main.m in Sources */,
				0496F5BD1CFC7D680024367C /* ReginVIew.m in Sources */,
				0489C94F1CFD8C980007B7D0 /* TianJViewController.m in Sources */,
				0496A6051CFAF7AB00BB343D /* QkModel.m in Sources */,
			);
			runOnlyForDeploymentPostprocessing = 0;
		};
		042B684A1CD1005800B6174F /* Sources */ = {
			isa = PBXSourcesBuildPhase;
			buildActionMask = 2147483647;
			files = (
				04FA8B541CD8D8A500567E4C /* qkViewController.m in Sources */,
				042B68531CD1005800B6174F /* TianJinZYTests.m in Sources */,
			);
			runOnlyForDeploymentPostprocessing = 0;
		};
		042B68551CD1005800B6174F /* Sources */ = {
			isa = PBXSourcesBuildPhase;
			buildActionMask = 2147483647;
			files = (
				04FA8B551CD8D8A500567E4C /* qkViewController.m in Sources */,
				042B685E1CD1005800B6174F /* TianJinZYUITests.m in Sources */,
			);
			runOnlyForDeploymentPostprocessing = 0;
		};
/* End PBXSourcesBuildPhase section */

/* Begin PBXTargetDependency section */
		042B68501CD1005800B6174F /* PBXTargetDependency */ = {
			isa = PBXTargetDependency;
			target = 042B68311CD1005800B6174F /* TianJinZY */;
			targetProxy = 042B684F1CD1005800B6174F /* PBXContainerItemProxy */;
		};
		042B685B1CD1005800B6174F /* PBXTargetDependency */ = {
			isa = PBXTargetDependency;
			target = 042B68311CD1005800B6174F /* TianJinZY */;
			targetProxy = 042B685A1CD1005800B6174F /* PBXContainerItemProxy */;
		};
/* End PBXTargetDependency section */

/* Begin PBXVariantGroup section */
		042B683E1CD1005800B6174F /* Main.storyboard */ = {
			isa = PBXVariantGroup;
			children = (
				042B683F1CD1005800B6174F /* Base */,
			);
			name = Main.storyboard;
			sourceTree = "<group>";
		};
		042B68461CD1005800B6174F /* LaunchScreen.storyboard */ = {
			isa = PBXVariantGroup;
			children = (
				042B68471CD1005800B6174F /* Base */,
			);
			name = LaunchScreen.storyboard;
			sourceTree = "<group>";
		};
/* End PBXVariantGroup section */

/* Begin XCBuildConfiguration section */
		042B68601CD1005800B6174F /* Debug */ = {
			isa = XCBuildConfiguration;
			buildSettings = {
				ALWAYS_SEARCH_USER_PATHS = NO;
				CLANG_CXX_LANGUAGE_STANDARD = "gnu++0x";
				CLANG_CXX_LIBRARY = "libc++";
				CLANG_ENABLE_MODULES = YES;
				CLANG_ENABLE_OBJC_ARC = YES;
				CLANG_WARN_BOOL_CONVERSION = YES;
				CLANG_WARN_CONSTANT_CONVERSION = YES;
				CLANG_WARN_DIRECT_OBJC_ISA_USAGE = YES_ERROR;
				CLANG_WARN_EMPTY_BODY = YES;
				CLANG_WARN_ENUM_CONVERSION = YES;
				CLANG_WARN_INT_CONVERSION = YES;
				CLANG_WARN_OBJC_ROOT_CLASS = YES_ERROR;
				CLANG_WARN_UNREACHABLE_CODE = YES;
				CLANG_WARN__DUPLICATE_METHOD_MATCH = YES;
				"CODE_SIGN_IDENTITY[sdk=iphoneos*]" = "iPhone Developer";
				COPY_PHASE_STRIP = NO;
				DEBUG_INFORMATION_FORMAT = dwarf;
				ENABLE_STRICT_OBJC_MSGSEND = YES;
				ENABLE_TESTABILITY = YES;
				GCC_C_LANGUAGE_STANDARD = gnu99;
				GCC_DYNAMIC_NO_PIC = NO;
				GCC_NO_COMMON_BLOCKS = YES;
				GCC_OPTIMIZATION_LEVEL = 0;
				GCC_PREPROCESSOR_DEFINITIONS = (
					"DEBUG=1",
					"$(inherited)",
				);
				GCC_WARN_64_TO_32_BIT_CONVERSION = YES;
				GCC_WARN_ABOUT_RETURN_TYPE = YES_ERROR;
				GCC_WARN_UNDECLARED_SELECTOR = YES;
				GCC_WARN_UNINITIALIZED_AUTOS = YES_AGGRESSIVE;
				GCC_WARN_UNUSED_FUNCTION = YES;
				GCC_WARN_UNUSED_VARIABLE = YES;
				IPHONEOS_DEPLOYMENT_TARGET = 9.2;
				MTL_ENABLE_DEBUG_INFO = YES;
				ONLY_ACTIVE_ARCH = YES;
				SDKROOT = iphoneos;
				TARGETED_DEVICE_FAMILY = "1,2";
			};
			name = Debug;
		};
		042B68611CD1005800B6174F /* Release */ = {
			isa = XCBuildConfiguration;
			buildSettings = {
				ALWAYS_SEARCH_USER_PATHS = NO;
				CLANG_CXX_LANGUAGE_STANDARD = "gnu++0x";
				CLANG_CXX_LIBRARY = "libc++";
				CLANG_ENABLE_MODULES = YES;
				CLANG_ENABLE_OBJC_ARC = YES;
				CLANG_WARN_BOOL_CONVERSION = YES;
				CLANG_WARN_CONSTANT_CONVERSION = YES;
				CLANG_WARN_DIRECT_OBJC_ISA_USAGE = YES_ERROR;
				CLANG_WARN_EMPTY_BODY = YES;
				CLANG_WARN_ENUM_CONVERSION = YES;
				CLANG_WARN_INT_CONVERSION = YES;
				CLANG_WARN_OBJC_ROOT_CLASS = YES_ERROR;
				CLANG_WARN_UNREACHABLE_CODE = YES;
				CLANG_WARN__DUPLICATE_METHOD_MATCH = YES;
				"CODE_SIGN_IDENTITY[sdk=iphoneos*]" = "iPhone Developer";
				COPY_PHASE_STRIP = NO;
				DEBUG_INFORMATION_FORMAT = "dwarf-with-dsym";
				ENABLE_NS_ASSERTIONS = NO;
				ENABLE_STRICT_OBJC_MSGSEND = YES;
				GCC_C_LANGUAGE_STANDARD = gnu99;
				GCC_NO_COMMON_BLOCKS = YES;
				GCC_WARN_64_TO_32_BIT_CONVERSION = YES;
				GCC_WARN_ABOUT_RETURN_TYPE = YES_ERROR;
				GCC_WARN_UNDECLARED_SELECTOR = YES;
				GCC_WARN_UNINITIALIZED_AUTOS = YES_AGGRESSIVE;
				GCC_WARN_UNUSED_FUNCTION = YES;
				GCC_WARN_UNUSED_VARIABLE = YES;
				IPHONEOS_DEPLOYMENT_TARGET = 9.2;
				MTL_ENABLE_DEBUG_INFO = NO;
				SDKROOT = iphoneos;
				TARGETED_DEVICE_FAMILY = "1,2";
				VALIDATE_PRODUCT = YES;
			};
			name = Release;
		};
		042B68631CD1005800B6174F /* Debug */ = {
			isa = XCBuildConfiguration;
			baseConfigurationReference = BC37EF789F08E121566E2412 /* Pods.debug.xcconfig */;
			buildSettings = {
				ASSETCATALOG_COMPILER_APPICON_NAME = AppIcon;
				INFOPLIST_FILE = TianJinZY/Info.plist;
				LD_RUNPATH_SEARCH_PATHS = "$(inherited) @executable_path/Frameworks";
				PRODUCT_BUNDLE_IDENTIFIER = com.qikai.TianJinZY;
				PRODUCT_NAME = "$(TARGET_NAME)";
			};
			name = Debug;
		};
		042B68641CD1005800B6174F /* Release */ = {
			isa = XCBuildConfiguration;
			baseConfigurationReference = 87DE84F7F7FE9351B194C928 /* Pods.release.xcconfig */;
			buildSettings = {
				ASSETCATALOG_COMPILER_APPICON_NAME = AppIcon;
				INFOPLIST_FILE = TianJinZY/Info.plist;
				LD_RUNPATH_SEARCH_PATHS = "$(inherited) @executable_path/Frameworks";
				PRODUCT_BUNDLE_IDENTIFIER = com.qikai.TianJinZY;
				PRODUCT_NAME = "$(TARGET_NAME)";
			};
			name = Release;
		};
		042B68661CD1005800B6174F /* Debug */ = {
			isa = XCBuildConfiguration;
			buildSettings = {
				BUNDLE_LOADER = "$(TEST_HOST)";
				INFOPLIST_FILE = TianJinZYTests/Info.plist;
				LD_RUNPATH_SEARCH_PATHS = "$(inherited) @executable_path/Frameworks @loader_path/Frameworks";
				PRODUCT_BUNDLE_IDENTIFIER = com.qikai.TianJinZYTests;
				PRODUCT_NAME = "$(TARGET_NAME)";
				TEST_HOST = "$(BUILT_PRODUCTS_DIR)/TianJinZY.app/TianJinZY";
			};
			name = Debug;
		};
		042B68671CD1005800B6174F /* Release */ = {
			isa = XCBuildConfiguration;
			buildSettings = {
				BUNDLE_LOADER = "$(TEST_HOST)";
				INFOPLIST_FILE = TianJinZYTests/Info.plist;
				LD_RUNPATH_SEARCH_PATHS = "$(inherited) @executable_path/Frameworks @loader_path/Frameworks";
				PRODUCT_BUNDLE_IDENTIFIER = com.qikai.TianJinZYTests;
				PRODUCT_NAME = "$(TARGET_NAME)";
				TEST_HOST = "$(BUILT_PRODUCTS_DIR)/TianJinZY.app/TianJinZY";
			};
			name = Release;
		};
		042B68691CD1005800B6174F /* Debug */ = {
			isa = XCBuildConfiguration;
			buildSettings = {
				INFOPLIST_FILE = TianJinZYUITests/Info.plist;
				LD_RUNPATH_SEARCH_PATHS = "$(inherited) @executable_path/Frameworks @loader_path/Frameworks";
				PRODUCT_BUNDLE_IDENTIFIER = com.qikai.TianJinZYUITests;
				PRODUCT_NAME = "$(TARGET_NAME)";
				TEST_TARGET_NAME = TianJinZY;
				USES_XCTRUNNER = YES;
			};
			name = Debug;
		};
		042B686A1CD1005900B6174F /* Release */ = {
			isa = XCBuildConfiguration;
			buildSettings = {
				INFOPLIST_FILE = TianJinZYUITests/Info.plist;
				LD_RUNPATH_SEARCH_PATHS = "$(inherited) @executable_path/Frameworks @loader_path/Frameworks";
				PRODUCT_BUNDLE_IDENTIFIER = com.qikai.TianJinZYUITests;
				PRODUCT_NAME = "$(TARGET_NAME)";
				TEST_TARGET_NAME = TianJinZY;
				USES_XCTRUNNER = YES;
			};
			name = Release;
		};
/* End XCBuildConfiguration section */

/* Begin XCConfigurationList section */
		042B682D1CD1005800B6174F /* Build configuration list for PBXProject "TianJinZY" */ = {
			isa = XCConfigurationList;
			buildConfigurations = (
				042B68601CD1005800B6174F /* Debug */,
				042B68611CD1005800B6174F /* Release */,
			);
			defaultConfigurationIsVisible = 0;
			defaultConfigurationName = Release;
		};
		042B68621CD1005800B6174F /* Build configuration list for PBXNativeTarget "TianJinZY" */ = {
			isa = XCConfigurationList;
			buildConfigurations = (
				042B68631CD1005800B6174F /* Debug */,
				042B68641CD1005800B6174F /* Release */,
			);
			defaultConfigurationIsVisible = 0;
			defaultConfigurationName = Release;
		};
		042B68651CD1005800B6174F /* Build configuration list for PBXNativeTarget "TianJinZYTests" */ = {
			isa = XCConfigurationList;
			buildConfigurations = (
				042B68661CD1005800B6174F /* Debug */,
				042B68671CD1005800B6174F /* Release */,
			);
			defaultConfigurationIsVisible = 0;
			defaultConfigurationName = Release;
		};
		042B68681CD1005800B6174F /* Build configuration list for PBXNativeTarget "TianJinZYUITests" */ = {
			isa = XCConfigurationList;
			buildConfigurations = (
				042B68691CD1005800B6174F /* Debug */,
				042B686A1CD1005900B6174F /* Release */,
			);
			defaultConfigurationIsVisible = 0;
			defaultConfigurationName = Release;
		};
/* End XCConfigurationList section */

/* Begin XCVersionGroup section */
		042B68411CD1005800B6174F /* TianJinZY.xcdatamodeld */ = {
			isa = XCVersionGroup;
			children = (
				042B68421CD1005800B6174F /* TianJinZY.xcdatamodel */,
			);
			currentVersion = 042B68421CD1005800B6174F /* TianJinZY.xcdatamodel */;
			path = TianJinZY.xcdatamodeld;
			sourceTree = "<group>";
			versionGroupType = wrapper.xcdatamodel;
		};
/* End XCVersionGroup section */
	};
	rootObject = 042B682A1CD1005800B6174F /* Project object */;
}
